<?xml version="1.0" encoding="UTF-8"?>
<CodeBlocks_project_file>
	<FileVersion major="1" minor="6"/>
	<Project>
		<Option title="dev_env"/>
		<Option makefile_is_custom="1"/>
		<Option compiler="gcc"/>
		<Option virtualFolders="CMake Files\;CMake Files\cmake\;CMake Files\cmake\modules\;CMake Files\..\;CMake Files\..\..\;CMake Files\..\..\..\;CMake Files\..\..\..\..\;CMake Files\..\..\..\..\..\;CMake Files\..\..\..\..\..\usr\;CMake Files\..\..\..\..\..\usr\local\;CMake Files\..\..\..\..\..\usr\local\share\;CMake Files\..\..\..\..\..\usr\local\share\OpenCV\;"/>
		<Build>
			<Target title="all">
				<Option working_dir="/Users/turtlologist/git/CMU-PVP-Playground/dev_env"/>
				<Option type="4"/>
				<MakeCommands>
					<Build command="/usr/bin/make -j8 -f &quot;/Users/turtlologist/git/CMU-PVP-Playground/dev_env/Makefile&quot;  VERBOSE=1 all"/>
					<CompileFile command="/usr/bin/make -j8 -f &quot;/Users/turtlologist/git/CMU-PVP-Playground/dev_env/Makefile&quot;  VERBOSE=1 &quot;$file&quot;"/>
					<Clean command="/usr/bin/make -j8 -f &quot;/Users/turtlologist/git/CMU-PVP-Playground/dev_env/Makefile&quot;  VERBOSE=1 clean"/>
					<DistClean command="/usr/bin/make -j8 -f &quot;/Users/turtlologist/git/CMU-PVP-Playground/dev_env/Makefile&quot;  VERBOSE=1 clean"/>
				</MakeCommands>
			</Target>
			<Target title="rebuild_cache">
				<Option working_dir="/Users/turtlologist/git/CMU-PVP-Playground/dev_env"/>
				<Option type="4"/>
				<MakeCommands>
					<Build command="/usr/bin/make -j8 -f &quot;/Users/turtlologist/git/CMU-PVP-Playground/dev_env/Makefile&quot;  VERBOSE=1 rebuild_cache"/>
					<CompileFile command="/usr/bin/make -j8 -f &quot;/Users/turtlologist/git/CMU-PVP-Playground/dev_env/Makefile&quot;  VERBOSE=1 &quot;$file&quot;"/>
					<Clean command="/usr/bin/make -j8 -f &quot;/Users/turtlologist/git/CMU-PVP-Playground/dev_env/Makefile&quot;  VERBOSE=1 clean"/>
					<DistClean command="/usr/bin/make -j8 -f &quot;/Users/turtlologist/git/CMU-PVP-Playground/dev_env/Makefile&quot;  VERBOSE=1 clean"/>
				</MakeCommands>
			</Target>
			<Target title="edit_cache">
				<Option working_dir="/Users/turtlologist/git/CMU-PVP-Playground/dev_env"/>
				<Option type="4"/>
				<MakeCommands>
					<Build command="/usr/bin/make -j8 -f &quot;/Users/turtlologist/git/CMU-PVP-Playground/dev_env/Makefile&quot;  VERBOSE=1 edit_cache"/>
					<CompileFile command="/usr/bin/make -j8 -f &quot;/Users/turtlologist/git/CMU-PVP-Playground/dev_env/Makefile&quot;  VERBOSE=1 &quot;$file&quot;"/>
					<Clean command="/usr/bin/make -j8 -f &quot;/Users/turtlologist/git/CMU-PVP-Playground/dev_env/Makefile&quot;  VERBOSE=1 clean"/>
					<DistClean command="/usr/bin/make -j8 -f &quot;/Users/turtlologist/git/CMU-PVP-Playground/dev_env/Makefile&quot;  VERBOSE=1 clean"/>
				</MakeCommands>
			</Target>
			<Target title="test">
				<Option working_dir="/Users/turtlologist/git/CMU-PVP-Playground/dev_env"/>
				<Option type="4"/>
				<MakeCommands>
					<Build command="/usr/bin/make -j8 -f &quot;/Users/turtlologist/git/CMU-PVP-Playground/dev_env/Makefile&quot;  VERBOSE=1 test"/>
					<CompileFile command="/usr/bin/make -j8 -f &quot;/Users/turtlologist/git/CMU-PVP-Playground/dev_env/Makefile&quot;  VERBOSE=1 &quot;$file&quot;"/>
					<Clean command="/usr/bin/make -j8 -f &quot;/Users/turtlologist/git/CMU-PVP-Playground/dev_env/Makefile&quot;  VERBOSE=1 clean"/>
					<DistClean command="/usr/bin/make -j8 -f &quot;/Users/turtlologist/git/CMU-PVP-Playground/dev_env/Makefile&quot;  VERBOSE=1 clean"/>
				</MakeCommands>
			</Target>
			<Target title="dev_env">
				<Option output="/Users/turtlologist/git/CMU-PVP-Playground/dev_env/dev_env" prefix_auto="0" extension_auto="0"/>
				<Option working_dir="/Users/turtlologist/git/CMU-PVP-Playground/dev_env"/>
				<Option object_output="./"/>
				<Option type="1"/>
				<Option compiler="gcc"/>
				<Compiler>
					<Add directory="/usr/local/include"/>
					<Add directory="/usr/local/include/opencv"/>
					<Add directory="/usr/local/Cellar/gcc@4.9/4.9.4_1/lib/gcc/4.9/gcc/x86_64-apple-darwin17.4.0/4.9.4/../../../../../../include/c++/4.9.4"/>
					<Add directory="/usr/local/Cellar/gcc@4.9/4.9.4_1/lib/gcc/4.9/gcc/x86_64-apple-darwin17.4.0/4.9.4/../../../../../../include/c++/4.9.4/x86_64-apple-darwin17.4.0"/>
					<Add directory="/usr/local/Cellar/gcc@4.9/4.9.4_1/lib/gcc/4.9/gcc/x86_64-apple-darwin17.4.0/4.9.4/../../../../../../include/c++/4.9.4/backward"/>
					<Add directory="/usr/local/Cellar/gcc@4.9/4.9.4_1/lib/gcc/4.9/gcc/x86_64-apple-darwin17.4.0/4.9.4/include"/>
					<Add directory="/usr/local/Cellar/gcc@4.9/4.9.4_1/include"/>
					<Add directory="/usr/local/Cellar/gcc@4.9/4.9.4_1/lib/gcc/4.9/gcc/x86_64-apple-darwin17.4.0/4.9.4/include-fixed"/>
					<Add directory="/usr/include"/>
					<Add directory="/System/Library/Frameworks"/>
					<Add directory="/Library/Frameworks"/>
				</Compiler>
				<MakeCommands>
					<Build command="/usr/bin/make -j8 -f &quot;/Users/turtlologist/git/CMU-PVP-Playground/dev_env/Makefile&quot;  VERBOSE=1 dev_env"/>
					<CompileFile command="/usr/bin/make -j8 -f &quot;/Users/turtlologist/git/CMU-PVP-Playground/dev_env/Makefile&quot;  VERBOSE=1 &quot;$file&quot;"/>
					<Clean command="/usr/bin/make -j8 -f &quot;/Users/turtlologist/git/CMU-PVP-Playground/dev_env/Makefile&quot;  VERBOSE=1 clean"/>
					<DistClean command="/usr/bin/make -j8 -f &quot;/Users/turtlologist/git/CMU-PVP-Playground/dev_env/Makefile&quot;  VERBOSE=1 clean"/>
				</MakeCommands>
			</Target>
			<Target title="dev_env/fast">
				<Option output="/Users/turtlologist/git/CMU-PVP-Playground/dev_env/dev_env" prefix_auto="0" extension_auto="0"/>
				<Option working_dir="/Users/turtlologist/git/CMU-PVP-Playground/dev_env"/>
				<Option object_output="./"/>
				<Option type="1"/>
				<Option compiler="gcc"/>
				<Compiler>
					<Add directory="/usr/local/include"/>
					<Add directory="/usr/local/include/opencv"/>
					<Add directory="/usr/local/Cellar/gcc@4.9/4.9.4_1/lib/gcc/4.9/gcc/x86_64-apple-darwin17.4.0/4.9.4/../../../../../../include/c++/4.9.4"/>
					<Add directory="/usr/local/Cellar/gcc@4.9/4.9.4_1/lib/gcc/4.9/gcc/x86_64-apple-darwin17.4.0/4.9.4/../../../../../../include/c++/4.9.4/x86_64-apple-darwin17.4.0"/>
					<Add directory="/usr/local/Cellar/gcc@4.9/4.9.4_1/lib/gcc/4.9/gcc/x86_64-apple-darwin17.4.0/4.9.4/../../../../../../include/c++/4.9.4/backward"/>
					<Add directory="/usr/local/Cellar/gcc@4.9/4.9.4_1/lib/gcc/4.9/gcc/x86_64-apple-darwin17.4.0/4.9.4/include"/>
					<Add directory="/usr/local/Cellar/gcc@4.9/4.9.4_1/include"/>
					<Add directory="/usr/local/Cellar/gcc@4.9/4.9.4_1/lib/gcc/4.9/gcc/x86_64-apple-darwin17.4.0/4.9.4/include-fixed"/>
					<Add directory="/usr/include"/>
					<Add directory="/System/Library/Frameworks"/>
					<Add directory="/Library/Frameworks"/>
				</Compiler>
				<MakeCommands>
					<Build command="/usr/bin/make -j8 -f &quot;/Users/turtlologist/git/CMU-PVP-Playground/dev_env/Makefile&quot;  VERBOSE=1 dev_env/fast"/>
					<CompileFile command="/usr/bin/make -j8 -f &quot;/Users/turtlologist/git/CMU-PVP-Playground/dev_env/Makefile&quot;  VERBOSE=1 &quot;$file&quot;"/>
					<Clean command="/usr/bin/make -j8 -f &quot;/Users/turtlologist/git/CMU-PVP-Playground/dev_env/Makefile&quot;  VERBOSE=1 clean"/>
					<DistClean command="/usr/bin/make -j8 -f &quot;/Users/turtlologist/git/CMU-PVP-Playground/dev_env/Makefile&quot;  VERBOSE=1 clean"/>
				</MakeCommands>
			</Target>
		</Build>
		<Unit filename="/Users/turtlologist/git/CMU-PVP-Playground/dev_env/src/main.cpp">
			<Option target="dev_env"/>
		</Unit>
		<Unit filename="/Users/turtlologist/git/CMU-PVP-Playground/dev_env/src/test.cpp">
			<Option target="dev_env"/>
		</Unit>
		<Unit filename="/Users/turtlologist/git/CMU-PVP-Playground/dev_env/CMakeLists.txt">
			<Option virtualFolder="CMake Files\"/>
		</Unit>
		<Unit filename="/Users/turtlologist/git/CMU-PVP-Playground/dev_env/cmake/modules/FindBoost.cmake">
			<Option virtualFolder="CMake Files\cmake\modules\"/>
		</Unit>
		<Unit filename="/Users/turtlologist/git/CMU-PVP-Playground/dev_env/cmake/modules/FindOpenCV.cmake">
			<Option virtualFolder="CMake Files\cmake\modules\"/>
		</Unit>
		<Unit filename="/Users/turtlologist/git/CMU-PVP-Playground/dev_env/cmake/modules/FindTBB.cmake">
			<Option virtualFolder="CMake Files\cmake\modules\"/>
		</Unit>
		<Unit filename="/Users/turtlologist/git/CMU-PVP-Playground/dev_env/cmake/modules/Findrapidjson.cmake">
			<Option virtualFolder="CMake Files\cmake\modules\"/>
		</Unit>
		<Unit filename="/Users/turtlologist/git/CMU-PVP-Playground/dev_env/../../../../../usr/local/share/OpenCV/OpenCVConfig-version.cmake">
			<Option virtualFolder="CMake Files\..\..\..\..\..\usr\local\share\OpenCV\"/>
		</Unit>
		<Unit filename="/Users/turtlologist/git/CMU-PVP-Playground/dev_env/../../../../../usr/local/share/OpenCV/OpenCVConfig.cmake">
			<Option virtualFolder="CMake Files\..\..\..\..\..\usr\local\share\OpenCV\"/>
		</Unit>
		<Unit filename="/Users/turtlologist/git/CMU-PVP-Playground/dev_env/../../../../../usr/local/share/OpenCV/OpenCVModules-release.cmake">
			<Option virtualFolder="CMake Files\..\..\..\..\..\usr\local\share\OpenCV\"/>
		</Unit>
		<Unit filename="/Users/turtlologist/git/CMU-PVP-Playground/dev_env/../../../../../usr/local/share/OpenCV/OpenCVModules.cmake">
			<Option virtualFolder="CMake Files\..\..\..\..\..\usr\local\share\OpenCV\"/>
		</Unit>
	</Project>
</CodeBlocks_project_file>
